
Microsoft Visual Studio Solution File, Format Version 12.00
# Visual Studio Version 17
VisualStudioVersion = 17.10.34928.147
MinimumVisualStudioVersion = 10.0.40219.1
Project("{FAE04EC0-301F-11D3-BF4B-00C04F79EFBC}") = "thilaa", "thilaa\thilaa.csproj", "{3AAD56DE-08E2-42F3-8EBC-00A0969056D6}"
EndProject
Global
	GlobalSection(SolutionConfigurationPlatforms) = preSolution
		Debug|Any CPU = Debug|Any CPU
		Release|Any CPU = Release|Any CPU
	EndGlobalSection
	GlobalSection(ProjectConfigurationPlatforms) = postSolution
		{3AAD56DE-08E2-42F3-8EBC-00A0969056D6}.Debug|Any CPU.ActiveCfg = Debug|Any CPU
		{3AAD56DE-08E2-42F3-8EBC-00A0969056D6}.Debug|Any CPU.Build.0 = Debug|Any CPU
		{3AAD56DE-08E2-42F3-8EBC-00A0969056D6}.Release|Any CPU.ActiveCfg = Release|Any CPU
		{3AAD56DE-08E2-42F3-8EBC-00A0969056D6}.Release|Any CPU.Build.0 = Release|Any CPU
	EndGlobalSection
	GlobalSection(SolutionProperties) = preSolution
		HideSolutionNode = FALSE
	EndGlobalSection
	GlobalSection(ExtensibilityGlobals) = postSolution
		SolutionGuid = {DC5155F3-9B60-4454-B5C2-DFF54429B5ED}
	EndGlobalSection
EndGlobal
